PODS:
  - QminderAPI (1.7.1):
    - Starscream (~> 3.0)
  - Starscream (3.0.5)

DEPENDENCIES:
  - QminderAPI (from `../`)

SPEC REPOS:
  https://github.com/cocoapods/specs.git:
    - Starscream

EXTERNAL SOURCES:
  QminderAPI:
    :path: "../"

SPEC CHECKSUMS:
  QminderAPI: 95be8c5cd82fa4af5b5afa7ed86c98f368caf4f6
  Starscream: faf918b2f2eff7d5dd21180646bf015a669673bd

PODFILE CHECKSUM: 8803218db304784d073990b287c0b1577218675a

COCOAPODS: 1.5.3
