PODS:
  - QminderAPI (1.5.0):
    - Starscream (~> 3.0)
  - Starscream (3.0.4)

DEPENDENCIES:
  - QminderAPI (from `../`)

EXTERNAL SOURCES:
  QminderAPI:
    :path: ../

SPEC CHECKSUMS:
  QminderAPI: 8a047aecc77625e9e720400723e2c91c89c48f49
  Starscream: f5da93fe6984c77b694366bf7299b7dc63a76f26

PODFILE CHECKSUM: a783655e759156ce3365bf97be9f3549347cc3f5

COCOAPODS: 1.4.0
