// !$*UTF8*$!
{
	archiveVersion = 1;
	classes = {
	};
	objectVersion = 48;
	objects = {

/* Begin PBXBuildFile section */
		6333638C1DCCB53000C531BF /* QminderApiTests.swift in Sources */ = {isa = PBXBuildFile; fileRef = 6333638B1DCCB53000C531BF /* QminderApiTests.swift */; };
		639473351DC1E87C00E37961 /* AppDelegate.swift in Sources */ = {isa = PBXBuildFile; fileRef = 639473341DC1E87C00E37961 /* AppDelegate.swift */; };
		639473371DC1E87C00E37961 /* ViewController.swift in Sources */ = {isa = PBXBuildFile; fileRef = 639473361DC1E87C00E37961 /* ViewController.swift */; };
		6394733A1DC1E87C00E37961 /* Main.storyboard in Resources */ = {isa = PBXBuildFile; fileRef = 639473381DC1E87C00E37961 /* Main.storyboard */; };
		6394733C1DC1E87C00E37961 /* Assets.xcassets in Resources */ = {isa = PBXBuildFile; fileRef = 6394733B1DC1E87C00E37961 /* Assets.xcassets */; };
		657407E528C30B634F74D6D9 /* Pods_QminderApiTests.framework in Frameworks */ = {isa = PBXBuildFile; fileRef = B54458F6059A0E2902560923 /* Pods_QminderApiTests.framework */; };
		8EDE36A0DF7A5D0663BFC41C /* Pods_QminderTVApp.framework in Frameworks */ = {isa = PBXBuildFile; fileRef = 1DBD28E244AAEF28DC824181 /* Pods_QminderTVApp.framework */; };
/* End PBXBuildFile section */

/* Begin PBXContainerItemProxy section */
		6333638E1DCCB53000C531BF /* PBXContainerItemProxy */ = {
			isa = PBXContainerItemProxy;
			containerPortal = 639473291DC1E87C00E37961 /* Project object */;
			proxyType = 1;
			remoteGlobalIDString = 639473301DC1E87C00E37961;
			remoteInfo = QminderTVApp;
		};
/* End PBXContainerItemProxy section */

/* Begin PBXFileReference section */
		1DBD28E244AAEF28DC824181 /* Pods_QminderTVApp.framework */ = {isa = PBXFileReference; explicitFileType = wrapper.framework; includeInIndex = 0; path = Pods_QminderTVApp.framework; sourceTree = BUILT_PRODUCTS_DIR; };
		410D08679EA27C093654692F /* Pods_QminderTVApp_QminderApiTests.framework */ = {isa = PBXFileReference; explicitFileType = wrapper.framework; includeInIndex = 0; path = Pods_QminderTVApp_QminderApiTests.framework; sourceTree = BUILT_PRODUCTS_DIR; };
		4522466F7C1B81E12F043D64 /* Pods-QminderApiTests.debug.xcconfig */ = {isa = PBXFileReference; includeInIndex = 1; lastKnownFileType = text.xcconfig; name = "Pods-QminderApiTests.debug.xcconfig"; path = "Pods/Target Support Files/Pods-QminderApiTests/Pods-QminderApiTests.debug.xcconfig"; sourceTree = "<group>"; };
		45F68B0F67538E3B76FFAD85 /* Pods-QminderApiTests.release.xcconfig */ = {isa = PBXFileReference; includeInIndex = 1; lastKnownFileType = text.xcconfig; name = "Pods-QminderApiTests.release.xcconfig"; path = "Pods/Target Support Files/Pods-QminderApiTests/Pods-QminderApiTests.release.xcconfig"; sourceTree = "<group>"; };
		633363891DCCB53000C531BF /* QminderApiTests.xctest */ = {isa = PBXFileReference; explicitFileType = wrapper.cfbundle; includeInIndex = 0; path = QminderApiTests.xctest; sourceTree = BUILT_PRODUCTS_DIR; };
		6333638B1DCCB53000C531BF /* QminderApiTests.swift */ = {isa = PBXFileReference; lastKnownFileType = sourcecode.swift; path = QminderApiTests.swift; sourceTree = "<group>"; };
		6333638D1DCCB53000C531BF /* Info.plist */ = {isa = PBXFileReference; lastKnownFileType = text.plist.xml; path = Info.plist; sourceTree = "<group>"; };
		639473311DC1E87C00E37961 /* QminderTVApp.app */ = {isa = PBXFileReference; explicitFileType = wrapper.application; includeInIndex = 0; path = QminderTVApp.app; sourceTree = BUILT_PRODUCTS_DIR; };
		639473341DC1E87C00E37961 /* AppDelegate.swift */ = {isa = PBXFileReference; lastKnownFileType = sourcecode.swift; path = AppDelegate.swift; sourceTree = "<group>"; };
		639473361DC1E87C00E37961 /* ViewController.swift */ = {isa = PBXFileReference; lastKnownFileType = sourcecode.swift; path = ViewController.swift; sourceTree = "<group>"; };
		639473391DC1E87C00E37961 /* Base */ = {isa = PBXFileReference; lastKnownFileType = file.storyboard; name = Base; path = Base.lproj/Main.storyboard; sourceTree = "<group>"; };
		6394733B1DC1E87C00E37961 /* Assets.xcassets */ = {isa = PBXFileReference; lastKnownFileType = folder.assetcatalog; path = Assets.xcassets; sourceTree = "<group>"; };
		6394733D1DC1E87C00E37961 /* Info.plist */ = {isa = PBXFileReference; lastKnownFileType = text.plist.xml; path = Info.plist; sourceTree = "<group>"; };
		7F3BC6394EF24E9C8CFE219E /* Pods-QminderTVApp.debug.xcconfig */ = {isa = PBXFileReference; includeInIndex = 1; lastKnownFileType = text.xcconfig; name = "Pods-QminderTVApp.debug.xcconfig"; path = "Pods/Target Support Files/Pods-QminderTVApp/Pods-QminderTVApp.debug.xcconfig"; sourceTree = "<group>"; };
		8A110045E5EABEEB66546DA9 /* Pods-QminderTVApp.release.xcconfig */ = {isa = PBXFileReference; includeInIndex = 1; lastKnownFileType = text.xcconfig; name = "Pods-QminderTVApp.release.xcconfig"; path = "Pods/Target Support Files/Pods-QminderTVApp/Pods-QminderTVApp.release.xcconfig"; sourceTree = "<group>"; };
		B54458F6059A0E2902560923 /* Pods_QminderApiTests.framework */ = {isa = PBXFileReference; explicitFileType = wrapper.framework; includeInIndex = 0; path = Pods_QminderApiTests.framework; sourceTree = BUILT_PRODUCTS_DIR; };
		C14E1E12C27EC50F3B9A56DE /* Pods-QminderTVApp-QminderApiTests.debug.xcconfig */ = {isa = PBXFileReference; includeInIndex = 1; lastKnownFileType = text.xcconfig; name = "Pods-QminderTVApp-QminderApiTests.debug.xcconfig"; path = "Pods/Target Support Files/Pods-QminderTVApp-QminderApiTests/Pods-QminderTVApp-QminderApiTests.debug.xcconfig"; sourceTree = "<group>"; };
		D6DBAF4F4D3A1D5B173B9262 /* Pods-QminderTVApp-QminderApiTests.release.xcconfig */ = {isa = PBXFileReference; includeInIndex = 1; lastKnownFileType = text.xcconfig; name = "Pods-QminderTVApp-QminderApiTests.release.xcconfig"; path = "Pods/Target Support Files/Pods-QminderTVApp-QminderApiTests/Pods-QminderTVApp-QminderApiTests.release.xcconfig"; sourceTree = "<group>"; };
/* End PBXFileReference section */

/* Begin PBXFrameworksBuildPhase section */
		633363861DCCB53000C531BF /* Frameworks */ = {
			isa = PBXFrameworksBuildPhase;
			buildActionMask = 2147483647;
			files = (
				657407E528C30B634F74D6D9 /* Pods_QminderApiTests.framework in Frameworks */,
			);
			runOnlyForDeploymentPostprocessing = 0;
		};
		6394732E1DC1E87C00E37961 /* Frameworks */ = {
			isa = PBXFrameworksBuildPhase;
			buildActionMask = 2147483647;
			files = (
				8EDE36A0DF7A5D0663BFC41C /* Pods_QminderTVApp.framework in Frameworks */,
			);
			runOnlyForDeploymentPostprocessing = 0;
		};
/* End PBXFrameworksBuildPhase section */

/* Begin PBXGroup section */
		6333638A1DCCB53000C531BF /* QminderApiTests */ = {
			isa = PBXGroup;
			children = (
				6333638B1DCCB53000C531BF /* QminderApiTests.swift */,
				6333638D1DCCB53000C531BF /* Info.plist */,
			);
			path = QminderApiTests;
			sourceTree = "<group>";
		};
		639473281DC1E87C00E37961 = {
			isa = PBXGroup;
			children = (
				639473331DC1E87C00E37961 /* QminderTVApp */,
				6333638A1DCCB53000C531BF /* QminderApiTests */,
				639473321DC1E87C00E37961 /* Products */,
				B734891ECD175D82094A9B5B /* Pods */,
				D9C3137B768265F5EEF7DD91 /* Frameworks */,
			);
			sourceTree = "<group>";
		};
		639473321DC1E87C00E37961 /* Products */ = {
			isa = PBXGroup;
			children = (
				639473311DC1E87C00E37961 /* QminderTVApp.app */,
				633363891DCCB53000C531BF /* QminderApiTests.xctest */,
			);
			name = Products;
			sourceTree = "<group>";
		};
		639473331DC1E87C00E37961 /* QminderTVApp */ = {
			isa = PBXGroup;
			children = (
				639473341DC1E87C00E37961 /* AppDelegate.swift */,
				639473361DC1E87C00E37961 /* ViewController.swift */,
				639473381DC1E87C00E37961 /* Main.storyboard */,
				6394733B1DC1E87C00E37961 /* Assets.xcassets */,
				6394733D1DC1E87C00E37961 /* Info.plist */,
			);
			path = QminderTVApp;
			sourceTree = "<group>";
		};
		B734891ECD175D82094A9B5B /* Pods */ = {
			isa = PBXGroup;
			children = (
				7F3BC6394EF24E9C8CFE219E /* Pods-QminderTVApp.debug.xcconfig */,
				8A110045E5EABEEB66546DA9 /* Pods-QminderTVApp.release.xcconfig */,
				C14E1E12C27EC50F3B9A56DE /* Pods-QminderTVApp-QminderApiTests.debug.xcconfig */,
				D6DBAF4F4D3A1D5B173B9262 /* Pods-QminderTVApp-QminderApiTests.release.xcconfig */,
				4522466F7C1B81E12F043D64 /* Pods-QminderApiTests.debug.xcconfig */,
				45F68B0F67538E3B76FFAD85 /* Pods-QminderApiTests.release.xcconfig */,
			);
			name = Pods;
			sourceTree = "<group>";
		};
		D9C3137B768265F5EEF7DD91 /* Frameworks */ = {
			isa = PBXGroup;
			children = (
				1DBD28E244AAEF28DC824181 /* Pods_QminderTVApp.framework */,
				B54458F6059A0E2902560923 /* Pods_QminderApiTests.framework */,
				410D08679EA27C093654692F /* Pods_QminderTVApp_QminderApiTests.framework */,
			);
			name = Frameworks;
			sourceTree = "<group>";
		};
/* End PBXGroup section */

/* Begin PBXNativeTarget section */
		633363881DCCB53000C531BF /* QminderApiTests */ = {
			isa = PBXNativeTarget;
			buildConfigurationList = 633363921DCCB53000C531BF /* Build configuration list for PBXNativeTarget "QminderApiTests" */;
			buildPhases = (
				3181090F1D291FF49CE50B54 /* [CP] Check Pods Manifest.lock */,
				633363851DCCB53000C531BF /* Sources */,
				633363861DCCB53000C531BF /* Frameworks */,
				633363871DCCB53000C531BF /* Resources */,
				DD69BDEDD0F60EABE75338C1 /* [CP] Embed Pods Frameworks */,
				3569C39E735A7D96A4EFA831 /* [CP] Copy Pods Resources */,
			);
			buildRules = (
			);
			dependencies = (
				6333638F1DCCB53000C531BF /* PBXTargetDependency */,
			);
			name = QminderApiTests;
			productName = QminderApiTests;
			productReference = 633363891DCCB53000C531BF /* QminderApiTests.xctest */;
			productType = "com.apple.product-type.bundle.unit-test";
		};
		639473301DC1E87C00E37961 /* QminderTVApp */ = {
			isa = PBXNativeTarget;
			buildConfigurationList = 639473401DC1E87C00E37961 /* Build configuration list for PBXNativeTarget "QminderTVApp" */;
			buildPhases = (
				4AA6B86BFBE65402A6A5BB6D /* [CP] Check Pods Manifest.lock */,
				6394732D1DC1E87C00E37961 /* Sources */,
				6394732E1DC1E87C00E37961 /* Frameworks */,
				6394732F1DC1E87C00E37961 /* Resources */,
				3343B45CDBA6F00E060ACEF4 /* [CP] Embed Pods Frameworks */,
				5BF588981EE5AD7FF5EC11C3 /* [CP] Copy Pods Resources */,
			);
			buildRules = (
			);
			dependencies = (
			);
			name = QminderTVApp;
			productName = QminderTVApp;
			productReference = 639473311DC1E87C00E37961 /* QminderTVApp.app */;
			productType = "com.apple.product-type.application";
		};
/* End PBXNativeTarget section */

/* Begin PBXProject section */
		639473291DC1E87C00E37961 /* Project object */ = {
			isa = PBXProject;
			attributes = {
				LastSwiftUpdateCheck = 0810;
				LastUpgradeCheck = 0800;
				ORGANIZATIONNAME = Qminder;
				TargetAttributes = {
					633363881DCCB53000C531BF = {
						CreatedOnToolsVersion = 8.1;
						DevelopmentTeam = XT7W2QD6JZ;
						ProvisioningStyle = Automatic;
						TestTargetID = 639473301DC1E87C00E37961;
					};
					639473301DC1E87C00E37961 = {
						CreatedOnToolsVersion = 8.0;
						ProvisioningStyle = Manual;
					};
				};
			};
			buildConfigurationList = 6394732C1DC1E87C00E37961 /* Build configuration list for PBXProject "QminderTVApp" */;
			compatibilityVersion = "Xcode 8.0";
			developmentRegion = English;
			hasScannedForEncodings = 0;
			knownRegions = (
				en,
				Base,
			);
			mainGroup = 639473281DC1E87C00E37961;
			productRefGroup = 639473321DC1E87C00E37961 /* Products */;
			projectDirPath = "";
			projectRoot = "";
			targets = (
				639473301DC1E87C00E37961 /* QminderTVApp */,
				633363881DCCB53000C531BF /* QminderApiTests */,
			);
		};
/* End PBXProject section */

/* Begin PBXResourcesBuildPhase section */
		633363871DCCB53000C531BF /* Resources */ = {
			isa = PBXResourcesBuildPhase;
			buildActionMask = 2147483647;
			files = (
			);
			runOnlyForDeploymentPostprocessing = 0;
		};
		6394732F1DC1E87C00E37961 /* Resources */ = {
			isa = PBXResourcesBuildPhase;
			buildActionMask = 2147483647;
			files = (
				6394733C1DC1E87C00E37961 /* Assets.xcassets in Resources */,
				6394733A1DC1E87C00E37961 /* Main.storyboard in Resources */,
			);
			runOnlyForDeploymentPostprocessing = 0;
		};
/* End PBXResourcesBuildPhase section */

/* Begin PBXShellScriptBuildPhase section */
		3181090F1D291FF49CE50B54 /* [CP] Check Pods Manifest.lock */ = {
			isa = PBXShellScriptBuildPhase;
			buildActionMask = 2147483647;
			files = (
			);
			inputPaths = (
				"${PODS_PODFILE_DIR_PATH}/Podfile.lock",
				"${PODS_ROOT}/Manifest.lock",
			);
			name = "[CP] Check Pods Manifest.lock";
			outputPaths = (
				"$(DERIVED_FILE_DIR)/Pods-QminderApiTests-checkManifestLockResult.txt",
			);
			runOnlyForDeploymentPostprocessing = 0;
			shellPath = /bin/sh;
			shellScript = "diff \"${PODS_PODFILE_DIR_PATH}/Podfile.lock\" \"${PODS_ROOT}/Manifest.lock\" > /dev/null\nif [ $? != 0 ] ; then\n    # print error to STDERR\n    echo \"error: The sandbox is not in sync with the Podfile.lock. Run 'pod install' or update your CocoaPods installation.\" >&2\n    exit 1\nfi\n# This output is used by Xcode 'outputs' to avoid re-running this script phase.\necho \"SUCCESS\" > \"${SCRIPT_OUTPUT_FILE_0}\"\n";
			showEnvVarsInLog = 0;
		};
		3343B45CDBA6F00E060ACEF4 /* [CP] Embed Pods Frameworks */ = {
			isa = PBXShellScriptBuildPhase;
			buildActionMask = 2147483647;
			files = (
			);
			inputPaths = (
				"${SRCROOT}/Pods/Target Support Files/Pods-QminderTVApp/Pods-QminderTVApp-frameworks.sh",
				"${BUILT_PRODUCTS_DIR}/Alamofire/Alamofire.framework",
				"${BUILT_PRODUCTS_DIR}/QminderAPI/QminderAPI.framework",
				"${BUILT_PRODUCTS_DIR}/Starscream/Starscream.framework",
				"${BUILT_PRODUCTS_DIR}/SwiftyJSON/SwiftyJSON.framework",
			);
			name = "[CP] Embed Pods Frameworks";
			outputPaths = (
				"${TARGET_BUILD_DIR}/${FRAMEWORKS_FOLDER_PATH}/Alamofire.framework",
				"${TARGET_BUILD_DIR}/${FRAMEWORKS_FOLDER_PATH}/QminderAPI.framework",
				"${TARGET_BUILD_DIR}/${FRAMEWORKS_FOLDER_PATH}/Starscream.framework",
				"${TARGET_BUILD_DIR}/${FRAMEWORKS_FOLDER_PATH}/SwiftyJSON.framework",
			);
			runOnlyForDeploymentPostprocessing = 0;
			shellPath = /bin/sh;
			shellScript = "\"${SRCROOT}/Pods/Target Support Files/Pods-QminderTVApp/Pods-QminderTVApp-frameworks.sh\"\n";
			showEnvVarsInLog = 0;
		};
		3569C39E735A7D96A4EFA831 /* [CP] Copy Pods Resources */ = {
			isa = PBXShellScriptBuildPhase;
			buildActionMask = 2147483647;
			files = (
			);
			inputPaths = (
			);
			name = "[CP] Copy Pods Resources";
			outputPaths = (
			);
			runOnlyForDeploymentPostprocessing = 0;
			shellPath = /bin/sh;
			shellScript = "\"${SRCROOT}/Pods/Target Support Files/Pods-QminderApiTests/Pods-QminderApiTests-resources.sh\"\n";
			showEnvVarsInLog = 0;
		};
		4AA6B86BFBE65402A6A5BB6D /* [CP] Check Pods Manifest.lock */ = {
			isa = PBXShellScriptBuildPhase;
			buildActionMask = 2147483647;
			files = (
			);
			inputPaths = (
				"${PODS_PODFILE_DIR_PATH}/Podfile.lock",
				"${PODS_ROOT}/Manifest.lock",
			);
			name = "[CP] Check Pods Manifest.lock";
			outputPaths = (
				"$(DERIVED_FILE_DIR)/Pods-QminderTVApp-checkManifestLockResult.txt",
			);
			runOnlyForDeploymentPostprocessing = 0;
			shellPath = /bin/sh;
			shellScript = "diff \"${PODS_PODFILE_DIR_PATH}/Podfile.lock\" \"${PODS_ROOT}/Manifest.lock\" > /dev/null\nif [ $? != 0 ] ; then\n    # print error to STDERR\n    echo \"error: The sandbox is not in sync with the Podfile.lock. Run 'pod install' or update your CocoaPods installation.\" >&2\n    exit 1\nfi\n# This output is used by Xcode 'outputs' to avoid re-running this script phase.\necho \"SUCCESS\" > \"${SCRIPT_OUTPUT_FILE_0}\"\n";
			showEnvVarsInLog = 0;
		};
		5BF588981EE5AD7FF5EC11C3 /* [CP] Copy Pods Resources */ = {
			isa = PBXShellScriptBuildPhase;
			buildActionMask = 2147483647;
			files = (
			);
			inputPaths = (
			);
			name = "[CP] Copy Pods Resources";
			outputPaths = (
			);
			runOnlyForDeploymentPostprocessing = 0;
			shellPath = /bin/sh;
			shellScript = "\"${SRCROOT}/Pods/Target Support Files/Pods-QminderTVApp/Pods-QminderTVApp-resources.sh\"\n";
			showEnvVarsInLog = 0;
		};
		DD69BDEDD0F60EABE75338C1 /* [CP] Embed Pods Frameworks */ = {
			isa = PBXShellScriptBuildPhase;
			buildActionMask = 2147483647;
			files = (
			);
			inputPaths = (
				"${SRCROOT}/Pods/Target Support Files/Pods-QminderApiTests/Pods-QminderApiTests-frameworks.sh",
				"${BUILT_PRODUCTS_DIR}/Nimble/Nimble.framework",
				"${BUILT_PRODUCTS_DIR}/Quick/Quick.framework",
			);
			name = "[CP] Embed Pods Frameworks";
			outputPaths = (
				"${TARGET_BUILD_DIR}/${FRAMEWORKS_FOLDER_PATH}/Nimble.framework",
				"${TARGET_BUILD_DIR}/${FRAMEWORKS_FOLDER_PATH}/Quick.framework",
			);
			runOnlyForDeploymentPostprocessing = 0;
			shellPath = /bin/sh;
			shellScript = "\"${SRCROOT}/Pods/Target Support Files/Pods-QminderApiTests/Pods-QminderApiTests-frameworks.sh\"\n";
			showEnvVarsInLog = 0;
		};
/* End PBXShellScriptBuildPhase section */

/* Begin PBXSourcesBuildPhase section */
		633363851DCCB53000C531BF /* Sources */ = {
			isa = PBXSourcesBuildPhase;
			buildActionMask = 2147483647;
			files = (
				6333638C1DCCB53000C531BF /* QminderApiTests.swift in Sources */,
			);
			runOnlyForDeploymentPostprocessing = 0;
		};
		6394732D1DC1E87C00E37961 /* Sources */ = {
			isa = PBXSourcesBuildPhase;
			buildActionMask = 2147483647;
			files = (
				639473371DC1E87C00E37961 /* ViewController.swift in Sources */,
				639473351DC1E87C00E37961 /* AppDelegate.swift in Sources */,
			);
			runOnlyForDeploymentPostprocessing = 0;
		};
/* End PBXSourcesBuildPhase section */

/* Begin PBXTargetDependency section */
		6333638F1DCCB53000C531BF /* PBXTargetDependency */ = {
			isa = PBXTargetDependency;
			target = 639473301DC1E87C00E37961 /* QminderTVApp */;
			targetProxy = 6333638E1DCCB53000C531BF /* PBXContainerItemProxy */;
		};
/* End PBXTargetDependency section */

/* Begin PBXVariantGroup section */
		639473381DC1E87C00E37961 /* Main.storyboard */ = {
			isa = PBXVariantGroup;
			children = (
				639473391DC1E87C00E37961 /* Base */,
			);
			name = Main.storyboard;
			sourceTree = "<group>";
		};
/* End PBXVariantGroup section */

/* Begin XCBuildConfiguration section */
		633363901DCCB53000C531BF /* Debug */ = {
			isa = XCBuildConfiguration;
			baseConfigurationReference = 4522466F7C1B81E12F043D64 /* Pods-QminderApiTests.debug.xcconfig */;
			buildSettings = {
				BUNDLE_LOADER = "$(TEST_HOST)";
				DEVELOPMENT_TEAM = XT7W2QD6JZ;
				GCC_PREPROCESSOR_DEFINITIONS = (
					"$(inherited)",
					"COCOAPODS=1",
				);
				INFOPLIST_FILE = QminderApiTests/Info.plist;
				LD_RUNPATH_SEARCH_PATHS = "$(inherited) @executable_path/Frameworks @loader_path/Frameworks";
				PRODUCT_BUNDLE_IDENTIFIER = com.qminder.QminderApiTests;
				PRODUCT_NAME = "$(TARGET_NAME)";
				SWIFT_VERSION = 4.0;
				TEST_HOST = "$(BUILT_PRODUCTS_DIR)/QminderTVApp.app/QminderTVApp";
			};
			name = Debug;
		};
		633363911DCCB53000C531BF /* Release */ = {
			isa = XCBuildConfiguration;
			baseConfigurationReference = 45F68B0F67538E3B76FFAD85 /* Pods-QminderApiTests.release.xcconfig */;
			buildSettings = {
				BUNDLE_LOADER = "$(TEST_HOST)";
				DEVELOPMENT_TEAM = XT7W2QD6JZ;
				INFOPLIST_FILE = QminderApiTests/Info.plist;
				LD_RUNPATH_SEARCH_PATHS = "$(inherited) @executable_path/Frameworks @loader_path/Frameworks";
				PRODUCT_BUNDLE_IDENTIFIER = com.qminder.QminderApiTests;
				PRODUCT_NAME = "$(TARGET_NAME)";
				SWIFT_VERSION = 4.0;
				TEST_HOST = "$(BUILT_PRODUCTS_DIR)/QminderTVApp.app/QminderTVApp";
			};
			name = Release;
		};
		6394733E1DC1E87C00E37961 /* Debug */ = {
			isa = XCBuildConfiguration;
			buildSettings = {
				ALWAYS_SEARCH_USER_PATHS = NO;
				CLANG_ANALYZER_NONNULL = YES;
				CLANG_CXX_LANGUAGE_STANDARD = "gnu++0x";
				CLANG_CXX_LIBRARY = "libc++";
				CLANG_ENABLE_MODULES = YES;
				CLANG_ENABLE_OBJC_ARC = YES;
				CLANG_WARN_BOOL_CONVERSION = YES;
				CLANG_WARN_CONSTANT_CONVERSION = YES;
				CLANG_WARN_DIRECT_OBJC_ISA_USAGE = YES_ERROR;
				CLANG_WARN_DOCUMENTATION_COMMENTS = YES;
				CLANG_WARN_EMPTY_BODY = YES;
				CLANG_WARN_ENUM_CONVERSION = YES;
				CLANG_WARN_INFINITE_RECURSION = YES;
				CLANG_WARN_INT_CONVERSION = YES;
				CLANG_WARN_OBJC_ROOT_CLASS = YES_ERROR;
				CLANG_WARN_SUSPICIOUS_MOVES = YES;
				CLANG_WARN_UNREACHABLE_CODE = YES;
				CLANG_WARN__DUPLICATE_METHOD_MATCH = YES;
				CODE_SIGN_IDENTITY = "";
				COPY_PHASE_STRIP = NO;
				DEBUG_INFORMATION_FORMAT = dwarf;
				DEFINES_MODULE = YES;
				DEVELOPMENT_TEAM = 5V9898P3CM;
				ENABLE_STRICT_OBJC_MSGSEND = YES;
				ENABLE_TESTABILITY = YES;
				GCC_C_LANGUAGE_STANDARD = gnu99;
				GCC_DYNAMIC_NO_PIC = NO;
				GCC_NO_COMMON_BLOCKS = YES;
				GCC_OPTIMIZATION_LEVEL = 0;
				GCC_PREPROCESSOR_DEFINITIONS = (
					"DEBUG=1",
					"$(inherited)",
				);
				GCC_WARN_64_TO_32_BIT_CONVERSION = YES;
				GCC_WARN_ABOUT_RETURN_TYPE = YES_ERROR;
				GCC_WARN_UNDECLARED_SELECTOR = YES;
				GCC_WARN_UNINITIALIZED_AUTOS = YES_AGGRESSIVE;
				GCC_WARN_UNUSED_FUNCTION = YES;
				GCC_WARN_UNUSED_VARIABLE = YES;
				MTL_ENABLE_DEBUG_INFO = YES;
				ONLY_ACTIVE_ARCH = YES;
				PROVISIONING_PROFILE = "";
				SDKROOT = appletvos;
				SWIFT_ACTIVE_COMPILATION_CONDITIONS = DEBUG;
				SWIFT_OPTIMIZATION_LEVEL = "-Onone";
				SWIFT_VERSION = 4.0;
				TARGETED_DEVICE_FAMILY = 3;
				TVOS_DEPLOYMENT_TARGET = 10.0;
			};
			name = Debug;
		};
		6394733F1DC1E87C00E37961 /* Release */ = {
			isa = XCBuildConfiguration;
			buildSettings = {
				ALWAYS_SEARCH_USER_PATHS = NO;
				CLANG_ANALYZER_NONNULL = YES;
				CLANG_CXX_LANGUAGE_STANDARD = "gnu++0x";
				CLANG_CXX_LIBRARY = "libc++";
				CLANG_ENABLE_MODULES = YES;
				CLANG_ENABLE_OBJC_ARC = YES;
				CLANG_WARN_BOOL_CONVERSION = YES;
				CLANG_WARN_CONSTANT_CONVERSION = YES;
				CLANG_WARN_DIRECT_OBJC_ISA_USAGE = YES_ERROR;
				CLANG_WARN_DOCUMENTATION_COMMENTS = YES;
				CLANG_WARN_EMPTY_BODY = YES;
				CLANG_WARN_ENUM_CONVERSION = YES;
				CLANG_WARN_INFINITE_RECURSION = YES;
				CLANG_WARN_INT_CONVERSION = YES;
				CLANG_WARN_OBJC_ROOT_CLASS = YES_ERROR;
				CLANG_WARN_SUSPICIOUS_MOVES = YES;
				CLANG_WARN_UNREACHABLE_CODE = YES;
				CLANG_WARN__DUPLICATE_METHOD_MATCH = YES;
				CODE_SIGN_IDENTITY = "";
				COPY_PHASE_STRIP = NO;
				DEBUG_INFORMATION_FORMAT = "dwarf-with-dsym";
				DEFINES_MODULE = YES;
				DEVELOPMENT_TEAM = 5V9898P3CM;
				ENABLE_NS_ASSERTIONS = NO;
				ENABLE_STRICT_OBJC_MSGSEND = YES;
				GCC_C_LANGUAGE_STANDARD = gnu99;
				GCC_NO_COMMON_BLOCKS = YES;
				GCC_WARN_64_TO_32_BIT_CONVERSION = YES;
				GCC_WARN_ABOUT_RETURN_TYPE = YES_ERROR;
				GCC_WARN_UNDECLARED_SELECTOR = YES;
				GCC_WARN_UNINITIALIZED_AUTOS = YES_AGGRESSIVE;
				GCC_WARN_UNUSED_FUNCTION = YES;
				GCC_WARN_UNUSED_VARIABLE = YES;
				MTL_ENABLE_DEBUG_INFO = NO;
				PROVISIONING_PROFILE = "";
				SDKROOT = appletvos;
				SWIFT_OPTIMIZATION_LEVEL = "-Owholemodule";
				SWIFT_VERSION = 4.0;
				TARGETED_DEVICE_FAMILY = 3;
				TVOS_DEPLOYMENT_TARGET = 10.0;
				VALIDATE_PRODUCT = YES;
			};
			name = Release;
		};
		639473411DC1E87C00E37961 /* Debug */ = {
			isa = XCBuildConfiguration;
			baseConfigurationReference = 7F3BC6394EF24E9C8CFE219E /* Pods-QminderTVApp.debug.xcconfig */;
			buildSettings = {
				ASSETCATALOG_COMPILER_APPICON_NAME = "App Icon & Top Shelf Image";
				ASSETCATALOG_COMPILER_LAUNCHIMAGE_NAME = LaunchImage;
				CODE_SIGN_IDENTITY = "iPhone Developer";
				"CODE_SIGN_IDENTITY[sdk=appletvos*]" = "iPhone Developer";
				DEVELOPMENT_TEAM = "";
				GCC_PREPROCESSOR_DEFINITIONS = (
					"$(inherited)",
					"COCOAPODS=1",
				);
				INFOPLIST_FILE = QminderTVApp/Info.plist;
				LD_RUNPATH_SEARCH_PATHS = "$(inherited) @executable_path/Frameworks";
				PRODUCT_BUNDLE_IDENTIFIER = com.qminder.QminderAppleTV;
				PRODUCT_NAME = "$(TARGET_NAME)";
				PROVISIONING_PROFILE = "";
				PROVISIONING_PROFILE_SPECIFIER = "";
				SWIFT_VERSION = 4.0;
			};
			name = Debug;
		};
		639473421DC1E87C00E37961 /* Release */ = {
			isa = XCBuildConfiguration;
			baseConfigurationReference = 8A110045E5EABEEB66546DA9 /* Pods-QminderTVApp.release.xcconfig */;
			buildSettings = {
				ASSETCATALOG_COMPILER_APPICON_NAME = "App Icon & Top Shelf Image";
				ASSETCATALOG_COMPILER_LAUNCHIMAGE_NAME = LaunchImage;
				CODE_SIGN_IDENTITY = "iPhone Distribution";
				"CODE_SIGN_IDENTITY[sdk=appletvos*]" = "iPhone Developer";
				DEVELOPMENT_TEAM = "";
				INFOPLIST_FILE = QminderTVApp/Info.plist;
				LD_RUNPATH_SEARCH_PATHS = "$(inherited) @executable_path/Frameworks";
				PRODUCT_BUNDLE_IDENTIFIER = com.qminder.QminderAppleTV;
				PRODUCT_NAME = "$(TARGET_NAME)";
				PROVISIONING_PROFILE = "";
				PROVISIONING_PROFILE_SPECIFIER = "";
				SWIFT_VERSION = 4.0;
			};
			name = Release;
		};
/* End XCBuildConfiguration section */

/* Begin XCConfigurationList section */
		633363921DCCB53000C531BF /* Build configuration list for PBXNativeTarget "QminderApiTests" */ = {
			isa = XCConfigurationList;
			buildConfigurations = (
				633363901DCCB53000C531BF /* Debug */,
				633363911DCCB53000C531BF /* Release */,
			);
			defaultConfigurationIsVisible = 0;
			defaultConfigurationName = Release;
		};
		6394732C1DC1E87C00E37961 /* Build configuration list for PBXProject "QminderTVApp" */ = {
			isa = XCConfigurationList;
			buildConfigurations = (
				6394733E1DC1E87C00E37961 /* Debug */,
				6394733F1DC1E87C00E37961 /* Release */,
			);
			defaultConfigurationIsVisible = 0;
			defaultConfigurationName = Release;
		};
		639473401DC1E87C00E37961 /* Build configuration list for PBXNativeTarget "QminderTVApp" */ = {
			isa = XCConfigurationList;
			buildConfigurations = (
				639473411DC1E87C00E37961 /* Debug */,
				639473421DC1E87C00E37961 /* Release */,
			);
			defaultConfigurationIsVisible = 0;
			defaultConfigurationName = Release;
		};
/* End XCConfigurationList section */
	};
	rootObject = 639473291DC1E87C00E37961 /* Project object */;
}
